<?xml version="1.0" encoding="utf-8"?>
<Project ToolsVersion="4.0" xmlns="http://schemas.microsoft.com/developer/msbuild/2003">
  <ItemGroup>
    <Filter Include="L1_Iterations">
      <UniqueIdentifier>{edd64f89-2a57-44c6-ba8b-3c84293fa9cb}</UniqueIdentifier>
    </Filter>
    <Filter Include="L2_Arrays">
      <UniqueIdentifier>{c777167e-4bf9-4507-be3a-88fe10235653}</UniqueIdentifier>
    </Filter>
    <Filter Include="L3_TimeCmplexity">
      <UniqueIdentifier>{76b9d352-5651-47ba-9b90-1d74c835b478}</UniqueIdentifier>
    </Filter>
  </ItemGroup>
  <ItemGroup>
    <ClCompile Include="main.cpp" />
    <ClCompile Include="L1_BinaryGap.cpp">
      <Filter>L1_Iterations</Filter>
    </ClCompile>
    <ClCompile Include="L2_CyclicRotation.cpp">
      <Filter>L2_Arrays</Filter>
    </ClCompile>
    <ClCompile Include="L2_OddOccurenciesInArray.cpp">
      <Filter>L2_Arrays</Filter>
    </ClCompile>
    <ClCompile Include="L3_TapeEqulibrium.cpp">
      <Filter>L3_TimeCmplexity</Filter>
    </ClCompile>
  </ItemGroup>
  <ItemGroup>
    <ClInclude Include="L1_BinaryGap.h">
      <Filter>L1_Iterations</Filter>
    </ClInclude>
    <ClInclude Include="L2_CyclicRotation.h">
      <Filter>L2_Arrays</Filter>
    </ClInclude>
    <ClInclude Include="L2_OddOccurenciesInArray.h">
      <Filter>L2_Arrays</Filter>
    </ClInclude>
    <ClInclude Include="L3_TapeEqulibrium.h">
      <Filter>L3_TimeCmplexity</Filter>
    </ClInclude>
  </ItemGroup>
</Project>