<?xml version="1.0" encoding="utf-8"?>
<Project ToolsVersion="4.0" xmlns="http://schemas.microsoft.com/developer/msbuild/2003">
  <ItemGroup>
    <Filter Include="Source Files">
      <UniqueIdentifier>{4FC737F1-C7A5-4376-A066-2A32D752A2FF}</UniqueIdentifier>
      <Extensions>cpp;c;cc;cxx;def;odl;idl;hpj;bat;asm;asmx</Extensions>
    </Filter>
    <Filter Include="Header Files">
      <UniqueIdentifier>{93995380-89BD-4b04-88EB-625FBE52EBFB}</UniqueIdentifier>
      <Extensions>h;hpp;hxx;hm;inl;inc;xsd</Extensions>
    </Filter>
    <Filter Include="Resource Files">
      <UniqueIdentifier>{67DA6AB6-F800-4c08-8B7A-83BB121AAD01}</UniqueIdentifier>
      <Extensions>rc;ico;cur;bmp;dlg;rc2;rct;bin;rgs;gif;jpg;jpeg;jpe;resx;tiff;tif;png;wav;mfcribbon-ms</Extensions>
    </Filter>
  </ItemGroup>
  <ItemGroup>
    <ClCompile Include="road_and_libraries.cpp">
      <Filter>Source Files</Filter>
    </ClCompile>
    <ClCompile Include="really_special_subtree.cpp">
      <Filter>Source Files</Filter>
    </ClCompile>
    <ClCompile Include="BFS_shortest_reach.cpp">
      <Filter>Source Files</Filter>
    </ClCompile>
    <ClCompile Include="caesar_cipher.cpp">
      <Filter>Source Files</Filter>
    </ClCompile>
    <ClCompile Include="mars_exploration.cpp">
      <Filter>Source Files</Filter>
    </ClCompile>
    <ClCompile Include="Graphs.cpp">
      <Filter>Source Files</Filter>
    </ClCompile>
    <ClCompile Include="breaking_the_records.cpp">
      <Filter>Source Files</Filter>
    </ClCompile>
    <ClCompile Include="birthday_chocolate.cpp">
      <Filter>Source Files</Filter>
    </ClCompile>
    <ClCompile Include="between_two_sets.cpp">
      <Filter>Source Files</Filter>
    </ClCompile>
    <ClCompile Include="math_utils.cpp">
      <Filter>Source Files</Filter>
    </ClCompile>
    <ClCompile Include="organizing_containers_of_balls.cpp">
      <Filter>Source Files</Filter>
    </ClCompile>
    <ClCompile Include="migratory_birds.cpp">
      <Filter>Source Files</Filter>
    </ClCompile>
    <ClCompile Include="counter_game.cpp">
      <Filter>Source Files</Filter>
    </ClCompile>
    <ClCompile Include="encryption.cpp">
      <Filter>Source Files</Filter>
    </ClCompile>
    <ClCompile Include="viral_advertising.cpp">
      <Filter>Source Files</Filter>
    </ClCompile>
    <ClCompile Include="matrix_layer_rotation.cpp">
      <Filter>Source Files</Filter>
    </ClCompile>
    <ClCompile Include="array_left_rotation.cpp">
      <Filter>Source Files</Filter>
    </ClCompile>
    <ClCompile Include="the_time_in_words.cpp">
      <Filter>Source Files</Filter>
    </ClCompile>
  </ItemGroup>
  <ItemGroup>
    <ClInclude Include="Graphs.h">
      <Filter>Header Files</Filter>
    </ClInclude>
    <ClInclude Include="math_utils.h">
      <Filter>Header Files</Filter>
    </ClInclude>
    <ClInclude Include="between_two_sets.h">
      <Filter>Header Files</Filter>
    </ClInclude>
  </ItemGroup>
</Project>