
Microsoft Visual Studio Solution File, Format Version 12.00
# Visual Studio 2012
Project("{8BC9CEB8-8B4A-11D0-8D11-00A0C91BC942}") = "Hackerrank", "Hackerrank\Hackerrank.vcxproj", "{71424BA3-3168-4A5E-BD12-10F05FF58E11}"
EndProject
Project("{8BC9CEB8-8B4A-11D0-8D11-00A0C91BC942}") = "HackerrankTests", "HackerrankTests\HackerrankTests.vcxproj", "{5B502A30-069B-47D0-B7C6-414298F9540A}"
EndProject
Global
	GlobalSection(SolutionConfigurationPlatforms) = preSolution
		Debug|Win32 = Debug|Win32
		Release|Win32 = Release|Win32
	EndGlobalSection
	GlobalSection(ProjectConfigurationPlatforms) = postSolution
		{71424BA3-3168-4A5E-BD12-10F05FF58E11}.Debug|Win32.ActiveCfg = Debug|Win32
		{71424BA3-3168-4A5E-BD12-10F05FF58E11}.Debug|Win32.Build.0 = Debug|Win32
		{71424BA3-3168-4A5E-BD12-10F05FF58E11}.Release|Win32.ActiveCfg = Release|Win32
		{71424BA3-3168-4A5E-BD12-10F05FF58E11}.Release|Win32.Build.0 = Release|Win32
		{5B502A30-069B-47D0-B7C6-414298F9540A}.Debug|Win32.ActiveCfg = Debug|Win32
		{5B502A30-069B-47D0-B7C6-414298F9540A}.Debug|Win32.Build.0 = Debug|Win32
		{5B502A30-069B-47D0-B7C6-414298F9540A}.Release|Win32.ActiveCfg = Release|Win32
		{5B502A30-069B-47D0-B7C6-414298F9540A}.Release|Win32.Build.0 = Release|Win32
	EndGlobalSection
	GlobalSection(SolutionProperties) = preSolution
		HideSolutionNode = FALSE
	EndGlobalSection
EndGlobal
